// !$*UTF8*$!
{
	archiveVersion = 1;
	classes = {
	};
	objectVersion = 77;
	objects = {

/* Begin PBXBuildFile section */
		980650892D6FB2A3006E2EB7 /* Alamofire in Frameworks */ = {isa = PBXBuildFile; productRef = 980650882D6FB2A3006E2EB7 /* Alamofire */; };
		980650AD2D6FE127006E2EB7 /* Kingfisher in Frameworks */ = {isa = PBXBuildFile; productRef = 980650AC2D6FE127006E2EB7 /* Kingfisher */; };
/* End PBXBuildFile section */

/* Begin PBXContainerItemProxy section */
		981EB3C32D6FA7DC00F4BFC9 /* PBXContainerItemProxy */ = {
			isa = PBXContainerItemProxy;
			containerPortal = 981EB3AA2D6FA7DB00F4BFC9 /* Project object */;
			proxyType = 1;
			remoteGlobalIDString = 981EB3B12D6FA7DB00F4BFC9;
			remoteInfo = SolinkiOS;
		};
		981EB3CD2D6FA7DC00F4BFC9 /* PBXContainerItemProxy */ = {
			isa = PBXContainerItemProxy;
			containerPortal = 981EB3AA2D6FA7DB00F4BFC9 /* Project object */;
			proxyType = 1;
			remoteGlobalIDString = 981EB3B12D6FA7DB00F4BFC9;
			remoteInfo = SolinkiOS;
		};
/* End PBXContainerItemProxy section */

/* Begin PBXFileReference section */
		981EB3B22D6FA7DB00F4BFC9 /* SolinkiOS.app */ = {isa = PBXFileReference; explicitFileType = wrapper.application; includeInIndex = 0; path = SolinkiOS.app; sourceTree = BUILT_PRODUCTS_DIR; };
		981EB3C22D6FA7DC00F4BFC9 /* SolinkiOSTests.xctest */ = {isa = PBXFileReference; explicitFileType = wrapper.cfbundle; includeInIndex = 0; path = SolinkiOSTests.xctest; sourceTree = BUILT_PRODUCTS_DIR; };
		981EB3CC2D6FA7DC00F4BFC9 /* SolinkiOSUITests.xctest */ = {isa = PBXFileReference; explicitFileType = wrapper.cfbundle; includeInIndex = 0; path = SolinkiOSUITests.xctest; sourceTree = BUILT_PRODUCTS_DIR; };
/* End PBXFileReference section */

/* Begin PBXFileSystemSynchronizedRootGroup section */
		981EB3B42D6FA7DB00F4BFC9 /* SolinkiOS */ = {
			isa = PBXFileSystemSynchronizedRootGroup;
			path = SolinkiOS;
			sourceTree = "<group>";
		};
		981EB3C52D6FA7DC00F4BFC9 /* SolinkiOSTests */ = {
			isa = PBXFileSystemSynchronizedRootGroup;
			path = SolinkiOSTests;
			sourceTree = "<group>";
		};
		981EB3CF2D6FA7DC00F4BFC9 /* SolinkiOSUITests */ = {
			isa = PBXFileSystemSynchronizedRootGroup;
			path = SolinkiOSUITests;
			sourceTree = "<group>";
		};
/* End PBXFileSystemSynchronizedRootGroup section */

/* Begin PBXFrameworksBuildPhase section */
		981EB3AF2D6FA7DB00F4BFC9 /* Frameworks */ = {
			isa = PBXFrameworksBuildPhase;
			buildActionMask = 2147483647;
			files = (
				980650AD2D6FE127006E2EB7 /* Kingfisher in Frameworks */,
				980650892D6FB2A3006E2EB7 /* Alamofire in Frameworks */,
			);
			runOnlyForDeploymentPostprocessing = 0;
		};
		981EB3BF2D6FA7DC00F4BFC9 /* Frameworks */ = {
			isa = PBXFrameworksBuildPhase;
			buildActionMask = 2147483647;
			files = (
			);
			runOnlyForDeploymentPostprocessing = 0;
		};
		981EB3C92D6FA7DC00F4BFC9 /* Frameworks */ = {
			isa = PBXFrameworksBuildPhase;
			buildActionMask = 2147483647;
			files = (
			);
			runOnlyForDeploymentPostprocessing = 0;
		};
/* End PBXFrameworksBuildPhase section */

/* Begin PBXGroup section */
		981EB3A92D6FA7DB00F4BFC9 = {
			isa = PBXGroup;
			children = (
				981EB3B42D6FA7DB00F4BFC9 /* SolinkiOS */,
				981EB3C52D6FA7DC00F4BFC9 /* SolinkiOSTests */,
				981EB3CF2D6FA7DC00F4BFC9 /* SolinkiOSUITests */,
				981EB3B32D6FA7DB00F4BFC9 /* Products */,
			);
			sourceTree = "<group>";
		};
		981EB3B32D6FA7DB00F4BFC9 /* Products */ = {
			isa = PBXGroup;
			children = (
				981EB3B22D6FA7DB00F4BFC9 /* SolinkiOS.app */,
				981EB3C22D6FA7DC00F4BFC9 /* SolinkiOSTests.xctest */,
				981EB3CC2D6FA7DC00F4BFC9 /* SolinkiOSUITests.xctest */,
			);
			name = Products;
			sourceTree = "<group>";
		};
/* End PBXGroup section */

/* Begin PBXNativeTarget section */
		981EB3B12D6FA7DB00F4BFC9 /* SolinkiOS */ = {
			isa = PBXNativeTarget;
			buildConfigurationList = 981EB3D62D6FA7DC00F4BFC9 /* Build configuration list for PBXNativeTarget "SolinkiOS" */;
			buildPhases = (
				981EB3AE2D6FA7DB00F4BFC9 /* Sources */,
				981EB3AF2D6FA7DB00F4BFC9 /* Frameworks */,
				981EB3B02D6FA7DB00F4BFC9 /* Resources */,
			);
			buildRules = (
			);
			dependencies = (
			);
			fileSystemSynchronizedGroups = (
				981EB3B42D6FA7DB00F4BFC9 /* SolinkiOS */,
			);
			name = SolinkiOS;
			packageProductDependencies = (
				980650882D6FB2A3006E2EB7 /* Alamofire */,
				980650AC2D6FE127006E2EB7 /* Kingfisher */,
			);
			productName = SolinkiOS;
			productReference = 981EB3B22D6FA7DB00F4BFC9 /* SolinkiOS.app */;
			productType = "com.apple.product-type.application";
		};
		981EB3C12D6FA7DC00F4BFC9 /* SolinkiOSTests */ = {
			isa = PBXNativeTarget;
			buildConfigurationList = 981EB3D92D6FA7DC00F4BFC9 /* Build configuration list for PBXNativeTarget "SolinkiOSTests" */;
			buildPhases = (
				981EB3BE2D6FA7DC00F4BFC9 /* Sources */,
				981EB3BF2D6FA7DC00F4BFC9 /* Frameworks */,
				981EB3C02D6FA7DC00F4BFC9 /* Resources */,
			);
			buildRules = (
			);
			dependencies = (
				981EB3C42D6FA7DC00F4BFC9 /* PBXTargetDependency */,
			);
			fileSystemSynchronizedGroups = (
				981EB3C52D6FA7DC00F4BFC9 /* SolinkiOSTests */,
			);
			name = SolinkiOSTests;
			packageProductDependencies = (
			);
			productName = SolinkiOSTests;
			productReference = 981EB3C22D6FA7DC00F4BFC9 /* SolinkiOSTests.xctest */;
			productType = "com.apple.product-type.bundle.unit-test";
		};
		981EB3CB2D6FA7DC00F4BFC9 /* SolinkiOSUITests */ = {
			isa = PBXNativeTarget;
			buildConfigurationList = 981EB3DC2D6FA7DC00F4BFC9 /* Build configuration list for PBXNativeTarget "SolinkiOSUITests" */;
			buildPhases = (
				981EB3C82D6FA7DC00F4BFC9 /* Sources */,
				981EB3C92D6FA7DC00F4BFC9 /* Frameworks */,
				981EB3CA2D6FA7DC00F4BFC9 /* Resources */,
			);
			buildRules = (
			);
			dependencies = (
				981EB3CE2D6FA7DC00F4BFC9 /* PBXTargetDependency */,
			);
			fileSystemSynchronizedGroups = (
				981EB3CF2D6FA7DC00F4BFC9 /* SolinkiOSUITests */,
			);
			name = SolinkiOSUITests;
			packageProductDependencies = (
			);
			productName = SolinkiOSUITests;
			productReference = 981EB3CC2D6FA7DC00F4BFC9 /* SolinkiOSUITests.xctest */;
			productType = "com.apple.product-type.bundle.ui-testing";
		};
/* End PBXNativeTarget section */

/* Begin PBXProject section */
		981EB3AA2D6FA7DB00F4BFC9 /* Project object */ = {
			isa = PBXProject;
			attributes = {
				BuildIndependentTargetsInParallel = 1;
				LastSwiftUpdateCheck = 1620;
				LastUpgradeCheck = 1620;
				TargetAttributes = {
					981EB3B12D6FA7DB00F4BFC9 = {
						CreatedOnToolsVersion = 16.2;
					};
					981EB3C12D6FA7DC00F4BFC9 = {
						CreatedOnToolsVersion = 16.2;
						TestTargetID = 981EB3B12D6FA7DB00F4BFC9;
					};
					981EB3CB2D6FA7DC00F4BFC9 = {
						CreatedOnToolsVersion = 16.2;
						TestTargetID = 981EB3B12D6FA7DB00F4BFC9;
					};
				};
			};
			buildConfigurationList = 981EB3AD2D6FA7DB00F4BFC9 /* Build configuration list for PBXProject "SolinkiOS" */;
			developmentRegion = en;
			hasScannedForEncodings = 0;
			knownRegions = (
				en,
				Base,
			);
			mainGroup = 981EB3A92D6FA7DB00F4BFC9;
			minimizedProjectReferenceProxies = 1;
			packageReferences = (
				980650872D6FB2A3006E2EB7 /* XCRemoteSwiftPackageReference "Alamofire" */,
				980650AB2D6FE127006E2EB7 /* XCRemoteSwiftPackageReference "Kingfisher" */,
			);
			preferredProjectObjectVersion = 77;
			productRefGroup = 981EB3B32D6FA7DB00F4BFC9 /* Products */;
			projectDirPath = "";
			projectRoot = "";
			targets = (
				981EB3B12D6FA7DB00F4BFC9 /* SolinkiOS */,
				981EB3C12D6FA7DC00F4BFC9 /* SolinkiOSTests */,
				981EB3CB2D6FA7DC00F4BFC9 /* SolinkiOSUITests */,
			);
		};
/* End PBXProject section */

/* Begin PBXResourcesBuildPhase section */
		981EB3B02D6FA7DB00F4BFC9 /* Resources */ = {
			isa = PBXResourcesBuildPhase;
			buildActionMask = 2147483647;
			files = (
			);
			runOnlyForDeploymentPostprocessing = 0;
		};
		981EB3C02D6FA7DC00F4BFC9 /* Resources */ = {
			isa = PBXResourcesBuildPhase;
			buildActionMask = 2147483647;
			files = (
			);
			runOnlyForDeploymentPostprocessing = 0;
		};
		981EB3CA2D6FA7DC00F4BFC9 /* Resources */ = {
			isa = PBXResourcesBuildPhase;
			buildActionMask = 2147483647;
			files = (
			);
			runOnlyForDeploymentPostprocessing = 0;
		};
/* End PBXResourcesBuildPhase section */

/* Begin PBXSourcesBuildPhase section */
		981EB3AE2D6FA7DB00F4BFC9 /* Sources */ = {
			isa = PBXSourcesBuildPhase;
			buildActionMask = 2147483647;
			files = (
			);
			runOnlyForDeploymentPostprocessing = 0;
		};
		981EB3BE2D6FA7DC00F4BFC9 /* Sources */ = {
			isa = PBXSourcesBuildPhase;
			buildActionMask = 2147483647;
			files = (
			);
			runOnlyForDeploymentPostprocessing = 0;
		};
		981EB3C82D6FA7DC00F4BFC9 /* Sources */ = {
			isa = PBXSourcesBuildPhase;
			buildActionMask = 2147483647;
			files = (
			);
			runOnlyForDeploymentPostprocessing = 0;
		};
/* End PBXSourcesBuildPhase section */

/* Begin PBXTargetDependency section */
		981EB3C42D6FA7DC00F4BFC9 /* PBXTargetDependency */ = {
			isa = PBXTargetDependency;
			target = 981EB3B12D6FA7DB00F4BFC9 /* SolinkiOS */;
			targetProxy = 981EB3C32D6FA7DC00F4BFC9 /* PBXContainerItemProxy */;
		};
		981EB3CE2D6FA7DC00F4BFC9 /* PBXTargetDependency */ = {
			isa = PBXTargetDependency;
			target = 981EB3B12D6FA7DB00F4BFC9 /* SolinkiOS */;
			targetProxy = 981EB3CD2D6FA7DC00F4BFC9 /* PBXContainerItemProxy */;
		};
/* End PBXTargetDependency section */

/* Begin XCBuildConfiguration section */
		981EB3D42D6FA7DC00F4BFC9 /* Debug */ = {
			isa = XCBuildConfiguration;
			buildSettings = {
				ALWAYS_SEARCH_USER_PATHS = NO;
				ASSETCATALOG_COMPILER_GENERATE_SWIFT_ASSET_SYMBOL_EXTENSIONS = YES;
				CLANG_ANALYZER_NONNULL = YES;
				CLANG_ANALYZER_NUMBER_OBJECT_CONVERSION = YES_AGGRESSIVE;
				CLANG_CXX_LANGUAGE_STANDARD = "gnu++20";
				CLANG_ENABLE_MODULES = YES;
				CLANG_ENABLE_OBJC_ARC = YES;
				CLANG_ENABLE_OBJC_WEAK = YES;
				CLANG_WARN_BLOCK_CAPTURE_AUTORELEASING = YES;
				CLANG_WARN_BOOL_CONVERSION = YES;
				CLANG_WARN_COMMA = YES;
				CLANG_WARN_CONSTANT_CONVERSION = YES;
				CLANG_WARN_DEPRECATED_OBJC_IMPLEMENTATIONS = YES;
				CLANG_WARN_DIRECT_OBJC_ISA_USAGE = YES_ERROR;
				CLANG_WARN_DOCUMENTATION_COMMENTS = YES;
				CLANG_WARN_EMPTY_BODY = YES;
				CLANG_WARN_ENUM_CONVERSION = YES;
				CLANG_WARN_INFINITE_RECURSION = YES;
				CLANG_WARN_INT_CONVERSION = YES;
				CLANG_WARN_NON_LITERAL_NULL_CONVERSION = YES;
				CLANG_WARN_OBJC_IMPLICIT_RETAIN_SELF = YES;
				CLANG_WARN_OBJC_LITERAL_CONVERSION = YES;
				CLANG_WARN_OBJC_ROOT_CLASS = YES_ERROR;
				CLANG_WARN_QUOTED_INCLUDE_IN_FRAMEWORK_HEADER = YES;
				CLANG_WARN_RANGE_LOOP_ANALYSIS = YES;
				CLANG_WARN_STRICT_PROTOTYPES = YES;
				CLANG_WARN_SUSPICIOUS_MOVE = YES;
				CLANG_WARN_UNGUARDED_AVAILABILITY = YES_AGGRESSIVE;
				CLANG_WARN_UNREACHABLE_CODE = YES;
				CLANG_WARN__DUPLICATE_METHOD_MATCH = YES;
				COPY_PHASE_STRIP = NO;
				DEBUG_INFORMATION_FORMAT = dwarf;
				ENABLE_STRICT_OBJC_MSGSEND = YES;
				ENABLE_TESTABILITY = YES;
				ENABLE_USER_SCRIPT_SANDBOXING = YES;
				GCC_C_LANGUAGE_STANDARD = gnu17;
				GCC_DYNAMIC_NO_PIC = NO;
				GCC_NO_COMMON_BLOCKS = YES;
				GCC_OPTIMIZATION_LEVEL = 0;
				GCC_PREPROCESSOR_DEFINITIONS = (
					"DEBUG=1",
					"$(inherited)",
				);
				GCC_WARN_64_TO_32_BIT_CONVERSION = YES;
				GCC_WARN_ABOUT_RETURN_TYPE = YES_ERROR;
				GCC_WARN_UNDECLARED_SELECTOR = YES;
				GCC_WARN_UNINITIALIZED_AUTOS = YES_AGGRESSIVE;
				GCC_WARN_UNUSED_FUNCTION = YES;
				GCC_WARN_UNUSED_VARIABLE = YES;
				IPHONEOS_DEPLOYMENT_TARGET = 18.2;
				LOCALIZATION_PREFERS_STRING_CATALOGS = YES;
				MTL_ENABLE_DEBUG_INFO = INCLUDE_SOURCE;
				MTL_FAST_MATH = YES;
				ONLY_ACTIVE_ARCH = YES;
				SDKROOT = iphoneos;
				SWIFT_ACTIVE_COMPILATION_CONDITIONS = "DEBUG $(inherited)";
				SWIFT_OPTIMIZATION_LEVEL = "-Onone";
			};
			name = Debug;
		};
		981EB3D52D6FA7DC00F4BFC9 /* Release */ = {
			isa = XCBuildConfiguration;
			buildSettings = {
				ALWAYS_SEARCH_USER_PATHS = NO;
				ASSETCATALOG_COMPILER_GENERATE_SWIFT_ASSET_SYMBOL_EXTENSIONS = YES;
				CLANG_ANALYZER_NONNULL = YES;
				CLANG_ANALYZER_NUMBER_OBJECT_CONVERSION = YES_AGGRESSIVE;
				CLANG_CXX_LANGUAGE_STANDARD = "gnu++20";
				CLANG_ENABLE_MODULES = YES;
				CLANG_ENABLE_OBJC_ARC = YES;
				CLANG_ENABLE_OBJC_WEAK = YES;
				CLANG_WARN_BLOCK_CAPTURE_AUTORELEASING = YES;
				CLANG_WARN_BOOL_CONVERSION = YES;
				CLANG_WARN_COMMA = YES;
				CLANG_WARN_CONSTANT_CONVERSION = YES;
				CLANG_WARN_DEPRECATED_OBJC_IMPLEMENTATIONS = YES;
				CLANG_WARN_DIRECT_OBJC_ISA_USAGE = YES_ERROR;
				CLANG_WARN_DOCUMENTATION_COMMENTS = YES;
				CLANG_WARN_EMPTY_BODY = YES;
				CLANG_WARN_ENUM_CONVERSION = YES;
				CLANG_WARN_INFINITE_RECURSION = YES;
				CLANG_WARN_INT_CONVERSION = YES;
				CLANG_WARN_NON_LITERAL_NULL_CONVERSION = YES;
				CLANG_WARN_OBJC_IMPLICIT_RETAIN_SELF = YES;
				CLANG_WARN_OBJC_LITERAL_CONVERSION = YES;
				CLANG_WARN_OBJC_ROOT_CLASS = YES_ERROR;
				CLANG_WARN_QUOTED_INCLUDE_IN_FRAMEWORK_HEADER = YES;
				CLANG_WARN_RANGE_LOOP_ANALYSIS = YES;
				CLANG_WARN_STRICT_PROTOTYPES = YES;
				CLANG_WARN_SUSPICIOUS_MOVE = YES;
				CLANG_WARN_UNGUARDED_AVAILABILITY = YES_AGGRESSIVE;
				CLANG_WARN_UNREACHABLE_CODE = YES;
				CLANG_WARN__DUPLICATE_METHOD_MATCH = YES;
				COPY_PHASE_STRIP = NO;
				DEBUG_INFORMATION_FORMAT = "dwarf-with-dsym";
				ENABLE_NS_ASSERTIONS = NO;
				ENABLE_STRICT_OBJC_MSGSEND = YES;
				ENABLE_USER_SCRIPT_SANDBOXING = YES;
				GCC_C_LANGUAGE_STANDARD = gnu17;
				GCC_NO_COMMON_BLOCKS = YES;
				GCC_WARN_64_TO_32_BIT_CONVERSION = YES;
				GCC_WARN_ABOUT_RETURN_TYPE = YES_ERROR;
				GCC_WARN_UNDECLARED_SELECTOR = YES;
				GCC_WARN_UNINITIALIZED_AUTOS = YES_AGGRESSIVE;
				GCC_WARN_UNUSED_FUNCTION = YES;
				GCC_WARN_UNUSED_VARIABLE = YES;
				IPHONEOS_DEPLOYMENT_TARGET = 18.2;
				LOCALIZATION_PREFERS_STRING_CATALOGS = YES;
				MTL_ENABLE_DEBUG_INFO = NO;
				MTL_FAST_MATH = YES;
				SDKROOT = iphoneos;
				SWIFT_COMPILATION_MODE = wholemodule;
				VALIDATE_PRODUCT = YES;
			};
			name = Release;
		};
		981EB3D72D6FA7DC00F4BFC9 /* Debug */ = {
			isa = XCBuildConfiguration;
			buildSettings = {
				ASSETCATALOG_COMPILER_APPICON_NAME = AppIcon;
				ASSETCATALOG_COMPILER_GLOBAL_ACCENT_COLOR_NAME = AccentColor;
				CODE_SIGN_STYLE = Automatic;
				CURRENT_PROJECT_VERSION = 1;
				DEVELOPMENT_ASSET_PATHS = "\"SolinkiOS/Preview Content\"";
				DEVELOPMENT_TEAM = 2X854V6KAX;
				ENABLE_PREVIEWS = YES;
				GENERATE_INFOPLIST_FILE = YES;
				INFOPLIST_KEY_UIApplicationSceneManifest_Generation = YES;
				INFOPLIST_KEY_UIApplicationSupportsIndirectInputEvents = YES;
				INFOPLIST_KEY_UILaunchScreen_Generation = YES;
				INFOPLIST_KEY_UISupportedInterfaceOrientations_iPad = "UIInterfaceOrientationPortrait UIInterfaceOrientationPortraitUpsideDown UIInterfaceOrientationLandscapeLeft UIInterfaceOrientationLandscapeRight";
				INFOPLIST_KEY_UISupportedInterfaceOrientations_iPhone = "UIInterfaceOrientationPortrait UIInterfaceOrientationLandscapeLeft UIInterfaceOrientationLandscapeRight";
				LD_RUNPATH_SEARCH_PATHS = (
					"$(inherited)",
					"@executable_path/Frameworks",
				);
				MARKETING_VERSION = 1.0;
				PRODUCT_BUNDLE_IDENTIFIER = com.example.SolinkiOS;
				PRODUCT_NAME = "$(TARGET_NAME)";
				SWIFT_EMIT_LOC_STRINGS = YES;
				SWIFT_VERSION = 5.0;
				TARGETED_DEVICE_FAMILY = "1,2";
			};
			name = Debug;
		};
		981EB3D82D6FA7DC00F4BFC9 /* Release */ = {
			isa = XCBuildConfiguration;
			buildSettings = {
				ASSETCATALOG_COMPILER_APPICON_NAME = AppIcon;
				ASSETCATALOG_COMPILER_GLOBAL_ACCENT_COLOR_NAME = AccentColor;
				CODE_SIGN_STYLE = Automatic;
				CURRENT_PROJECT_VERSION = 1;
				DEVELOPMENT_ASSET_PATHS = "\"SolinkiOS/Preview Content\"";
				DEVELOPMENT_TEAM = 2X854V6KAX;
				ENABLE_PREVIEWS = YES;
				GENERATE_INFOPLIST_FILE = YES;
				INFOPLIST_KEY_UIApplicationSceneManifest_Generation = YES;
				INFOPLIST_KEY_UIApplicationSupportsIndirectInputEvents = YES;
				INFOPLIST_KEY_UILaunchScreen_Generation = YES;
				INFOPLIST_KEY_UISupportedInterfaceOrientations_iPad = "UIInterfaceOrientationPortrait UIInterfaceOrientationPortraitUpsideDown UIInterfaceOrientationLandscapeLeft UIInterfaceOrientationLandscapeRight";
				INFOPLIST_KEY_UISupportedInterfaceOrientations_iPhone = "UIInterfaceOrientationPortrait UIInterfaceOrientationLandscapeLeft UIInterfaceOrientationLandscapeRight";
				LD_RUNPATH_SEARCH_PATHS = (
					"$(inherited)",
					"@executable_path/Frameworks",
				);
				MARKETING_VERSION = 1.0;
				PRODUCT_BUNDLE_IDENTIFIER = com.example.SolinkiOS;
				PRODUCT_NAME = "$(TARGET_NAME)";
				SWIFT_EMIT_LOC_STRINGS = YES;
				SWIFT_VERSION = 5.0;
				TARGETED_DEVICE_FAMILY = "1,2";
			};
			name = Release;
		};
		981EB3DA2D6FA7DC00F4BFC9 /* Debug */ = {
			isa = XCBuildConfiguration;
			buildSettings = {
				BUNDLE_LOADER = "$(TEST_HOST)";
				CODE_SIGN_STYLE = Automatic;
				CURRENT_PROJECT_VERSION = 1;
				DEVELOPMENT_TEAM = 2X854V6KAX;
				GENERATE_INFOPLIST_FILE = YES;
				IPHONEOS_DEPLOYMENT_TARGET = 18.2;
				MARKETING_VERSION = 1.0;
				PRODUCT_BUNDLE_IDENTIFIER = com.example.SolinkiOSTests;
				PRODUCT_NAME = "$(TARGET_NAME)";
				SWIFT_EMIT_LOC_STRINGS = NO;
				SWIFT_VERSION = 5.0;
				TARGETED_DEVICE_FAMILY = "1,2";
				TEST_HOST = "$(BUILT_PRODUCTS_DIR)/SolinkiOS.app/$(BUNDLE_EXECUTABLE_FOLDER_PATH)/SolinkiOS";
			};
			name = Debug;
		};
		981EB3DB2D6FA7DC00F4BFC9 /* Release */ = {
			isa = XCBuildConfiguration;
			buildSettings = {
				BUNDLE_LOADER = "$(TEST_HOST)";
				CODE_SIGN_STYLE = Automatic;
				CURRENT_PROJECT_VERSION = 1;
				DEVELOPMENT_TEAM = 2X854V6KAX;
				GENERATE_INFOPLIST_FILE = YES;
				IPHONEOS_DEPLOYMENT_TARGET = 18.2;
				MARKETING_VERSION = 1.0;
				PRODUCT_BUNDLE_IDENTIFIER = com.example.SolinkiOSTests;
				PRODUCT_NAME = "$(TARGET_NAME)";
				SWIFT_EMIT_LOC_STRINGS = NO;
				SWIFT_VERSION = 5.0;
				TARGETED_DEVICE_FAMILY = "1,2";
				TEST_HOST = "$(BUILT_PRODUCTS_DIR)/SolinkiOS.app/$(BUNDLE_EXECUTABLE_FOLDER_PATH)/SolinkiOS";
			};
			name = Release;
		};
		981EB3DD2D6FA7DC00F4BFC9 /* Debug */ = {
			isa = XCBuildConfiguration;
			buildSettings = {
				CODE_SIGN_STYLE = Automatic;
				CURRENT_PROJECT_VERSION = 1;
				DEVELOPMENT_TEAM = 2X854V6KAX;
				GENERATE_INFOPLIST_FILE = YES;
				MARKETING_VERSION = 1.0;
				PRODUCT_BUNDLE_IDENTIFIER = com.example.SolinkiOSUITests;
				PRODUCT_NAME = "$(TARGET_NAME)";
				SWIFT_EMIT_LOC_STRINGS = NO;
				SWIFT_VERSION = 5.0;
				TARGETED_DEVICE_FAMILY = "1,2";
				TEST_TARGET_NAME = SolinkiOS;
			};
			name = Debug;
		};
		981EB3DE2D6FA7DC00F4BFC9 /* Release */ = {
			isa = XCBuildConfiguration;
			buildSettings = {
				CODE_SIGN_STYLE = Automatic;
				CURRENT_PROJECT_VERSION = 1;
				DEVELOPMENT_TEAM = 2X854V6KAX;
				GENERATE_INFOPLIST_FILE = YES;
				MARKETING_VERSION = 1.0;
				PRODUCT_BUNDLE_IDENTIFIER = com.example.SolinkiOSUITests;
				PRODUCT_NAME = "$(TARGET_NAME)";
				SWIFT_EMIT_LOC_STRINGS = NO;
				SWIFT_VERSION = 5.0;
				TARGETED_DEVICE_FAMILY = "1,2";
				TEST_TARGET_NAME = SolinkiOS;
			};
			name = Release;
		};
/* End XCBuildConfiguration section */

/* Begin XCConfigurationList section */
		981EB3AD2D6FA7DB00F4BFC9 /* Build configuration list for PBXProject "SolinkiOS" */ = {
			isa = XCConfigurationList;
			buildConfigurations = (
				981EB3D42D6FA7DC00F4BFC9 /* Debug */,
				981EB3D52D6FA7DC00F4BFC9 /* Release */,
			);
			defaultConfigurationIsVisible = 0;
			defaultConfigurationName = Release;
		};
		981EB3D62D6FA7DC00F4BFC9 /* Build configuration list for PBXNativeTarget "SolinkiOS" */ = {
			isa = XCConfigurationList;
			buildConfigurations = (
				981EB3D72D6FA7DC00F4BFC9 /* Debug */,
				981EB3D82D6FA7DC00F4BFC9 /* Release */,
			);
			defaultConfigurationIsVisible = 0;
			defaultConfigurationName = Release;
		};
		981EB3D92D6FA7DC00F4BFC9 /* Build configuration list for PBXNativeTarget "SolinkiOSTests" */ = {
			isa = XCConfigurationList;
			buildConfigurations = (
				981EB3DA2D6FA7DC00F4BFC9 /* Debug */,
				981EB3DB2D6FA7DC00F4BFC9 /* Release */,
			);
			defaultConfigurationIsVisible = 0;
			defaultConfigurationName = Release;
		};
		981EB3DC2D6FA7DC00F4BFC9 /* Build configuration list for PBXNativeTarget "SolinkiOSUITests" */ = {
			isa = XCConfigurationList;
			buildConfigurations = (
				981EB3DD2D6FA7DC00F4BFC9 /* Debug */,
				981EB3DE2D6FA7DC00F4BFC9 /* Release */,
			);
			defaultConfigurationIsVisible = 0;
			defaultConfigurationName = Release;
		};
/* End XCConfigurationList section */

/* Begin XCRemoteSwiftPackageReference section */
		980650872D6FB2A3006E2EB7 /* XCRemoteSwiftPackageReference "Alamofire" */ = {
			isa = XCRemoteSwiftPackageReference;
			repositoryURL = "https://github.com/Alamofire/Alamofire.git";
			requirement = {
				kind = exactVersion;
				version = 5.10.2;
			};
		};
		980650AB2D6FE127006E2EB7 /* XCRemoteSwiftPackageReference "Kingfisher" */ = {
			isa = XCRemoteSwiftPackageReference;
			repositoryURL = "https://github.com/onevcat/Kingfisher.git";
			requirement = {
				kind = exactVersion;
				version = 8.2.0;
			};
		};
/* End XCRemoteSwiftPackageReference section */

/* Begin XCSwiftPackageProductDependency section */
		980650882D6FB2A3006E2EB7 /* Alamofire */ = {
			isa = XCSwiftPackageProductDependency;
			package = 980650872D6FB2A3006E2EB7 /* XCRemoteSwiftPackageReference "Alamofire" */;
			productName = Alamofire;
		};
		980650AC2D6FE127006E2EB7 /* Kingfisher */ = {
			isa = XCSwiftPackageProductDependency;
			package = 980650AB2D6FE127006E2EB7 /* XCRemoteSwiftPackageReference "Kingfisher" */;
			productName = Kingfisher;
		};
/* End XCSwiftPackageProductDependency section */
	};
	rootObject = 981EB3AA2D6FA7DB00F4BFC9 /* Project object */;
}
